{
  "requires": true,
  "lockfileVersion": 1,
  "dependencies": {
    "openzeppelin-solidity": {
      "version": "1.10.0",
      "resolved": "https://registry.npmjs.org/openzeppelin-solidity/-/openzeppelin-solidity-1.10.0.tgz",
      "integrity": "sha512-igkrumQQ2lrN2zjeQV4Dnb0GpTBj1fzMcd8HPyBUqwI0hhuscX/HzXiqKT6gFQl1j9Wy/ppVVs9fqL/foF7Gmg=="
    },
    "safemath": {
      "version": "1.0.6",
      "resolved": "https://registry.npmjs.org/safemath/-/safemath-1.0.6.tgz",
      "integrity": "sha512-5FxS6jvR0MIqNcts1JuqJO1A/GiqtTyka2pezPS50xw0BNrTp5qw13uv97OF4PGsOHXuau5Xzv1sTMX8N5dJNQ=="
    }
  }
}
